// !$*UTF8*$!
{
	archiveVersion = 1;
	classes = {
	};
	objectVersion = 50;
	objects = {

/* Begin PBXBuildFile section */
		E35E652D24C0CFA50009F975 /* AppDelegate.swift in Sources */ = {isa = PBXBuildFile; fileRef = E35E652C24C0CFA50009F975 /* AppDelegate.swift */; };
		E35E653124C0CFA50009F975 /* RepoBrowserViewController.swift in Sources */ = {isa = PBXBuildFile; fileRef = E35E653024C0CFA50009F975 /* RepoBrowserViewController.swift */; };
		E35E653424C0CFA50009F975 /* Main.storyboard in Resources */ = {isa = PBXBuildFile; fileRef = E35E653224C0CFA50009F975 /* Main.storyboard */; };
		E35E653624C0CFAE0009F975 /* Assets.xcassets in Resources */ = {isa = PBXBuildFile; fileRef = E35E653524C0CFAE0009F975 /* Assets.xcassets */; };
		E35E653924C0CFAE0009F975 /* LaunchScreen.storyboard in Resources */ = {isa = PBXBuildFile; fileRef = E35E653724C0CFAE0009F975 /* LaunchScreen.storyboard */; };
		E35E656224C5DC280009F975 /* GitHubApi.swift in Sources */ = {isa = PBXBuildFile; fileRef = E35E656124C5DC280009F975 /* GitHubApi.swift */; };
		E35E656524C5E4040009F975 /* ReposStore.swift in Sources */ = {isa = PBXBuildFile; fileRef = E35E656424C5E4040009F975 /* ReposStore.swift */; };
		E35E656724C5E85A0009F975 /* GitRepo.swift in Sources */ = {isa = PBXBuildFile; fileRef = E35E656624C5E85A0009F975 /* GitRepo.swift */; };
		E35E656A24C72C630009F975 /* RepoViewModel.swift in Sources */ = {isa = PBXBuildFile; fileRef = E35E656924C72C630009F975 /* RepoViewModel.swift */; };
		E35E656C24C733180009F975 /* RepoDataSource.swift in Sources */ = {isa = PBXBuildFile; fileRef = E35E656B24C733180009F975 /* RepoDataSource.swift */; };
		E35E656E24C7412E0009F975 /* RepoCollectionViewCell.swift in Sources */ = {isa = PBXBuildFile; fileRef = E35E656D24C7412E0009F975 /* RepoCollectionViewCell.swift */; };
		E35E657024C84F9E0009F975 /* RepoDetailViewController.swift in Sources */ = {isa = PBXBuildFile; fileRef = E35E656F24C84F9E0009F975 /* RepoDetailViewController.swift */; };
		E35E658C24CAD3B40009F975 /* RepoBrowser.xcdatamodeld in Sources */ = {isa = PBXBuildFile; fileRef = E35E658A24CAD3B40009F975 /* RepoBrowser.xcdatamodeld */; };
/* End PBXBuildFile section */

/* Begin PBXFileReference section */
		E35E652924C0CFA50009F975 /* RepoBrowser.app */ = {isa = PBXFileReference; explicitFileType = wrapper.application; includeInIndex = 0; path = RepoBrowser.app; sourceTree = BUILT_PRODUCTS_DIR; };
		E35E652C24C0CFA50009F975 /* AppDelegate.swift */ = {isa = PBXFileReference; lastKnownFileType = sourcecode.swift; path = AppDelegate.swift; sourceTree = "<group>"; };
		E35E653024C0CFA50009F975 /* RepoBrowserViewController.swift */ = {isa = PBXFileReference; lastKnownFileType = sourcecode.swift; path = RepoBrowserViewController.swift; sourceTree = "<group>"; };
		E35E653324C0CFA50009F975 /* Base */ = {isa = PBXFileReference; lastKnownFileType = file.storyboard; name = Base; path = Base.lproj/Main.storyboard; sourceTree = "<group>"; };
		E35E653524C0CFAE0009F975 /* Assets.xcassets */ = {isa = PBXFileReference; lastKnownFileType = folder.assetcatalog; path = Assets.xcassets; sourceTree = "<group>"; };
		E35E653824C0CFAE0009F975 /* Base */ = {isa = PBXFileReference; lastKnownFileType = file.storyboard; name = Base; path = Base.lproj/LaunchScreen.storyboard; sourceTree = "<group>"; };
		E35E653A24C0CFAE0009F975 /* Info.plist */ = {isa = PBXFileReference; lastKnownFileType = text.plist.xml; path = Info.plist; sourceTree = "<group>"; };
		E35E656124C5DC280009F975 /* GitHubApi.swift */ = {isa = PBXFileReference; lastKnownFileType = sourcecode.swift; path = GitHubApi.swift; sourceTree = "<group>"; };
		E35E656424C5E4040009F975 /* ReposStore.swift */ = {isa = PBXFileReference; lastKnownFileType = sourcecode.swift; path = ReposStore.swift; sourceTree = "<group>"; };
		E35E656624C5E85A0009F975 /* GitRepo.swift */ = {isa = PBXFileReference; lastKnownFileType = sourcecode.swift; path = GitRepo.swift; sourceTree = "<group>"; };
		E35E656924C72C630009F975 /* RepoViewModel.swift */ = {isa = PBXFileReference; lastKnownFileType = sourcecode.swift; path = RepoViewModel.swift; sourceTree = "<group>"; };
		E35E656B24C733180009F975 /* RepoDataSource.swift */ = {isa = PBXFileReference; lastKnownFileType = sourcecode.swift; path = RepoDataSource.swift; sourceTree = "<group>"; };
		E35E656D24C7412E0009F975 /* RepoCollectionViewCell.swift */ = {isa = PBXFileReference; lastKnownFileType = sourcecode.swift; path = RepoCollectionViewCell.swift; sourceTree = "<group>"; };
		E35E656F24C84F9E0009F975 /* RepoDetailViewController.swift */ = {isa = PBXFileReference; lastKnownFileType = sourcecode.swift; path = RepoDetailViewController.swift; sourceTree = "<group>"; };
		E35E658B24CAD3B40009F975 /* RepoBrowser.xcdatamodel */ = {isa = PBXFileReference; lastKnownFileType = wrapper.xcdatamodel; path = RepoBrowser.xcdatamodel; sourceTree = "<group>"; };
/* End PBXFileReference section */

/* Begin PBXFrameworksBuildPhase section */
		E35E652624C0CFA50009F975 /* Frameworks */ = {
			isa = PBXFrameworksBuildPhase;
			buildActionMask = 2147483647;
			files = (
			);
			runOnlyForDeploymentPostprocessing = 0;
		};
/* End PBXFrameworksBuildPhase section */

/* Begin PBXGroup section */
		E35E652024C0CFA50009F975 = {
			isa = PBXGroup;
			children = (
				E35E658A24CAD3B40009F975 /* RepoBrowser.xcdatamodeld */,
				E35E652B24C0CFA50009F975 /* RepoBrowser */,
				E35E652A24C0CFA50009F975 /* Products */,
			);
			sourceTree = "<group>";
		};
		E35E652A24C0CFA50009F975 /* Products */ = {
			isa = PBXGroup;
			children = (
				E35E652924C0CFA50009F975 /* RepoBrowser.app */,
			);
			name = Products;
			sourceTree = "<group>";
		};
		E35E652B24C0CFA50009F975 /* RepoBrowser */ = {
			isa = PBXGroup;
			children = (
				E35E652C24C0CFA50009F975 /* AppDelegate.swift */,
				E35E656824C5E85F0009F975 /* Model */,
				E35E656324C5DC310009F975 /* ViewModel */,
				E35E656024C5D69C0009F975 /* View */,
				E35E653224C0CFA50009F975 /* Main.storyboard */,
				E35E653524C0CFAE0009F975 /* Assets.xcassets */,
				E35E653724C0CFAE0009F975 /* LaunchScreen.storyboard */,
				E35E653A24C0CFAE0009F975 /* Info.plist */,
			);
			path = RepoBrowser;
			sourceTree = "<group>";
		};
		E35E656024C5D69C0009F975 /* View */ = {
			isa = PBXGroup;
			children = (
				E35E653024C0CFA50009F975 /* RepoBrowserViewController.swift */,
				E35E656F24C84F9E0009F975 /* RepoDetailViewController.swift */,
				E35E656B24C733180009F975 /* RepoDataSource.swift */,
				E35E656D24C7412E0009F975 /* RepoCollectionViewCell.swift */,
			);
			path = View;
			sourceTree = "<group>";
		};
		E35E656324C5DC310009F975 /* ViewModel */ = {
			isa = PBXGroup;
			children = (
				E35E656124C5DC280009F975 /* GitHubApi.swift */,
				E35E656424C5E4040009F975 /* ReposStore.swift */,
				E35E656924C72C630009F975 /* RepoViewModel.swift */,
			);
			path = ViewModel;
			sourceTree = "<group>";
		};
		E35E656824C5E85F0009F975 /* Model */ = {
			isa = PBXGroup;
			children = (
				E35E656624C5E85A0009F975 /* GitRepo.swift */,
			);
			path = Model;
			sourceTree = "<group>";
		};
/* End PBXGroup section */

/* Begin PBXNativeTarget section */
		E35E652824C0CFA50009F975 /* RepoBrowser */ = {
			isa = PBXNativeTarget;
			buildConfigurationList = E35E653D24C0CFAE0009F975 /* Build configuration list for PBXNativeTarget "RepoBrowser" */;
			buildPhases = (
				E35E652524C0CFA50009F975 /* Sources */,
				E35E652624C0CFA50009F975 /* Frameworks */,
				E35E652724C0CFA50009F975 /* Resources */,
			);
			buildRules = (
			);
			dependencies = (
			);
			name = RepoBrowser;
			productName = RepoBrowser;
			productReference = E35E652924C0CFA50009F975 /* RepoBrowser.app */;
			productType = "com.apple.product-type.application";
		};
/* End PBXNativeTarget section */

/* Begin PBXProject section */
		E35E652124C0CFA50009F975 /* Project object */ = {
			isa = PBXProject;
			attributes = {
				LastSwiftUpdateCheck = 1150;
				LastUpgradeCheck = 1150;
				ORGANIZATIONNAME = malakoipechyva;
				TargetAttributes = {
					E35E652824C0CFA50009F975 = {
						CreatedOnToolsVersion = 11.5;
					};
				};
			};
			buildConfigurationList = E35E652424C0CFA50009F975 /* Build configuration list for PBXProject "RepoBrowser" */;
			compatibilityVersion = "Xcode 9.3";
			developmentRegion = en;
			hasScannedForEncodings = 0;
			knownRegions = (
				en,
				Base,
			);
			mainGroup = E35E652024C0CFA50009F975;
			productRefGroup = E35E652A24C0CFA50009F975 /* Products */;
			projectDirPath = "";
			projectRoot = "";
			targets = (
				E35E652824C0CFA50009F975 /* RepoBrowser */,
			);
		};
/* End PBXProject section */

/* Begin PBXResourcesBuildPhase section */
		E35E652724C0CFA50009F975 /* Resources */ = {
			isa = PBXResourcesBuildPhase;
			buildActionMask = 2147483647;
			files = (
				E35E653924C0CFAE0009F975 /* LaunchScreen.storyboard in Resources */,
				E35E653624C0CFAE0009F975 /* Assets.xcassets in Resources */,
				E35E653424C0CFA50009F975 /* Main.storyboard in Resources */,
			);
			runOnlyForDeploymentPostprocessing = 0;
		};
/* End PBXResourcesBuildPhase section */

/* Begin PBXSourcesBuildPhase section */
		E35E652524C0CFA50009F975 /* Sources */ = {
			isa = PBXSourcesBuildPhase;
			buildActionMask = 2147483647;
			files = (
				E35E656A24C72C630009F975 /* RepoViewModel.swift in Sources */,
				E35E656224C5DC280009F975 /* GitHubApi.swift in Sources */,
				E35E656524C5E4040009F975 /* ReposStore.swift in Sources */,
				E35E656C24C733180009F975 /* RepoDataSource.swift in Sources */,
				E35E656E24C7412E0009F975 /* RepoCollectionViewCell.swift in Sources */,
				E35E656724C5E85A0009F975 /* GitRepo.swift in Sources */,
				E35E658C24CAD3B40009F975 /* RepoBrowser.xcdatamodeld in Sources */,
				E35E653124C0CFA50009F975 /* RepoBrowserViewController.swift in Sources */,
				E35E652D24C0CFA50009F975 /* AppDelegate.swift in Sources */,
				E35E657024C84F9E0009F975 /* RepoDetailViewController.swift in Sources */,
			);
			runOnlyForDeploymentPostprocessing = 0;
		};
/* End PBXSourcesBuildPhase section */

/* Begin PBXVariantGroup section */
		E35E653224C0CFA50009F975 /* Main.storyboard */ = {
			isa = PBXVariantGroup;
			children = (
				E35E653324C0CFA50009F975 /* Base */,
			);
			name = Main.storyboard;
			sourceTree = "<group>";
		};
		E35E653724C0CFAE0009F975 /* LaunchScreen.storyboard */ = {
			isa = PBXVariantGroup;
			children = (
				E35E653824C0CFAE0009F975 /* Base */,
			);
			name = LaunchScreen.storyboard;
			sourceTree = "<group>";
		};
/* End PBXVariantGroup section */

/* Begin XCBuildConfiguration section */
		E35E653B24C0CFAE0009F975 /* Debug */ = {
			isa = XCBuildConfiguration;
			buildSettings = {
				ALWAYS_SEARCH_USER_PATHS = NO;
				CLANG_ANALYZER_NONNULL = YES;
				CLANG_ANALYZER_NUMBER_OBJECT_CONVERSION = YES_AGGRESSIVE;
				CLANG_CXX_LANGUAGE_STANDARD = "gnu++14";
				CLANG_CXX_LIBRARY = "libc++";
				CLANG_ENABLE_MODULES = YES;
				CLANG_ENABLE_OBJC_ARC = YES;
				CLANG_ENABLE_OBJC_WEAK = YES;
				CLANG_WARN_BLOCK_CAPTURE_AUTORELEASING = YES;
				CLANG_WARN_BOOL_CONVERSION = YES;
				CLANG_WARN_COMMA = YES;
				CLANG_WARN_CONSTANT_CONVERSION = YES;
				CLANG_WARN_DEPRECATED_OBJC_IMPLEMENTATIONS = YES;
				CLANG_WARN_DIRECT_OBJC_ISA_USAGE = YES_ERROR;
				CLANG_WARN_DOCUMENTATION_COMMENTS = YES;
				CLANG_WARN_EMPTY_BODY = YES;
				CLANG_WARN_ENUM_CONVERSION = YES;
				CLANG_WARN_INFINITE_RECURSION = YES;
				CLANG_WARN_INT_CONVERSION = YES;
				CLANG_WARN_NON_LITERAL_NULL_CONVERSION = YES;
				CLANG_WARN_OBJC_IMPLICIT_RETAIN_SELF = YES;
				CLANG_WARN_OBJC_LITERAL_CONVERSION = YES;
				CLANG_WARN_OBJC_ROOT_CLASS = YES_ERROR;
				CLANG_WARN_RANGE_LOOP_ANALYSIS = YES;
				CLANG_WARN_STRICT_PROTOTYPES = YES;
				CLANG_WARN_SUSPICIOUS_MOVE = YES;
				CLANG_WARN_UNGUARDED_AVAILABILITY = YES_AGGRESSIVE;
				CLANG_WARN_UNREACHABLE_CODE = YES;
				CLANG_WARN__DUPLICATE_METHOD_MATCH = YES;
				COPY_PHASE_STRIP = NO;
				DEBUG_INFORMATION_FORMAT = dwarf;
				ENABLE_STRICT_OBJC_MSGSEND = YES;
				ENABLE_TESTABILITY = YES;
				GCC_C_LANGUAGE_STANDARD = gnu11;
				GCC_DYNAMIC_NO_PIC = NO;
				GCC_NO_COMMON_BLOCKS = YES;
				GCC_OPTIMIZATION_LEVEL = 0;
				GCC_PREPROCESSOR_DEFINITIONS = (
					"DEBUG=1",
					"$(inherited)",
				);
				GCC_WARN_64_TO_32_BIT_CONVERSION = YES;
				GCC_WARN_ABOUT_RETURN_TYPE = YES_ERROR;
				GCC_WARN_UNDECLARED_SELECTOR = YES;
				GCC_WARN_UNINITIALIZED_AUTOS = YES_AGGRESSIVE;
				GCC_WARN_UNUSED_FUNCTION = YES;
				GCC_WARN_UNUSED_VARIABLE = YES;
				IPHONEOS_DEPLOYMENT_TARGET = 13.5;
				MTL_ENABLE_DEBUG_INFO = INCLUDE_SOURCE;
				MTL_FAST_MATH = YES;
				ONLY_ACTIVE_ARCH = YES;
				SDKROOT = iphoneos;
				SWIFT_ACTIVE_COMPILATION_CONDITIONS = DEBUG;
				SWIFT_OPTIMIZATION_LEVEL = "-Onone";
			};
			name = Debug;
		};
		E35E653C24C0CFAE0009F975 /* Release */ = {
			isa = XCBuildConfiguration;
			buildSettings = {
				ALWAYS_SEARCH_USER_PATHS = NO;
				CLANG_ANALYZER_NONNULL = YES;
				CLANG_ANALYZER_NUMBER_OBJECT_CONVERSION = YES_AGGRESSIVE;
				CLANG_CXX_LANGUAGE_STANDARD = "gnu++14";
				CLANG_CXX_LIBRARY = "libc++";
				CLANG_ENABLE_MODULES = YES;
				CLANG_ENABLE_OBJC_ARC = YES;
				CLANG_ENABLE_OBJC_WEAK = YES;
				CLANG_WARN_BLOCK_CAPTURE_AUTORELEASING = YES;
				CLANG_WARN_BOOL_CONVERSION = YES;
				CLANG_WARN_COMMA = YES;
				CLANG_WARN_CONSTANT_CONVERSION = YES;
				CLANG_WARN_DEPRECATED_OBJC_IMPLEMENTATIONS = YES;
				CLANG_WARN_DIRECT_OBJC_ISA_USAGE = YES_ERROR;
				CLANG_WARN_DOCUMENTATION_COMMENTS = YES;
				CLANG_WARN_EMPTY_BODY = YES;
				CLANG_WARN_ENUM_CONVERSION = YES;
				CLANG_WARN_INFINITE_RECURSION = YES;
				CLANG_WARN_INT_CONVERSION = YES;
				CLANG_WARN_NON_LITERAL_NULL_CONVERSION = YES;
				CLANG_WARN_OBJC_IMPLICIT_RETAIN_SELF = YES;
				CLANG_WARN_OBJC_LITERAL_CONVERSION = YES;
				CLANG_WARN_OBJC_ROOT_CLASS = YES_ERROR;
				CLANG_WARN_RANGE_LOOP_ANALYSIS = YES;
				CLANG_WARN_STRICT_PROTOTYPES = YES;
				CLANG_WARN_SUSPICIOUS_MOVE = YES;
				CLANG_WARN_UNGUARDED_AVAILABILITY = YES_AGGRESSIVE;
				CLANG_WARN_UNREACHABLE_CODE = YES;
				CLANG_WARN__DUPLICATE_METHOD_MATCH = YES;
				COPY_PHASE_STRIP = NO;
				DEBUG_INFORMATION_FORMAT = "dwarf-with-dsym";
				ENABLE_NS_ASSERTIONS = NO;
				ENABLE_STRICT_OBJC_MSGSEND = YES;
				GCC_C_LANGUAGE_STANDARD = gnu11;
				GCC_NO_COMMON_BLOCKS = YES;
				GCC_WARN_64_TO_32_BIT_CONVERSION = YES;
				GCC_WARN_ABOUT_RETURN_TYPE = YES_ERROR;
				GCC_WARN_UNDECLARED_SELECTOR = YES;
				GCC_WARN_UNINITIALIZED_AUTOS = YES_AGGRESSIVE;
				GCC_WARN_UNUSED_FUNCTION = YES;
				GCC_WARN_UNUSED_VARIABLE = YES;
				IPHONEOS_DEPLOYMENT_TARGET = 13.5;
				MTL_ENABLE_DEBUG_INFO = NO;
				MTL_FAST_MATH = YES;
				SDKROOT = iphoneos;
				SWIFT_COMPILATION_MODE = wholemodule;
				SWIFT_OPTIMIZATION_LEVEL = "-O";
				VALIDATE_PRODUCT = YES;
			};
			name = Release;
		};
		E35E653E24C0CFAE0009F975 /* Debug */ = {
			isa = XCBuildConfiguration;
			buildSettings = {
				ASSETCATALOG_COMPILER_APPICON_NAME = AppIcon;
				CODE_SIGN_STYLE = Automatic;
				INFOPLIST_FILE = RepoBrowser/Info.plist;
				IPHONEOS_DEPLOYMENT_TARGET = 12.0;
				LD_RUNPATH_SEARCH_PATHS = (
					"$(inherited)",
					"@executable_path/Frameworks",
				);
				PRODUCT_BUNDLE_IDENTIFIER = com.malakoipechyva.RepoBrowser;
				PRODUCT_NAME = "$(TARGET_NAME)";
				SWIFT_VERSION = 5.0;
				TARGETED_DEVICE_FAMILY = "1,2";
			};
			name = Debug;
		};
		E35E653F24C0CFAE0009F975 /* Release */ = {
			isa = XCBuildConfiguration;
			buildSettings = {
				ASSETCATALOG_COMPILER_APPICON_NAME = AppIcon;
				CODE_SIGN_STYLE = Automatic;
				INFOPLIST_FILE = RepoBrowser/Info.plist;
				IPHONEOS_DEPLOYMENT_TARGET = 12.0;
				LD_RUNPATH_SEARCH_PATHS = (
					"$(inherited)",
					"@executable_path/Frameworks",
				);
				PRODUCT_BUNDLE_IDENTIFIER = com.malakoipechyva.RepoBrowser;
				PRODUCT_NAME = "$(TARGET_NAME)";
				SWIFT_VERSION = 5.0;
				TARGETED_DEVICE_FAMILY = "1,2";
			};
			name = Release;
		};
/* End XCBuildConfiguration section */

/* Begin XCConfigurationList section */
		E35E652424C0CFA50009F975 /* Build configuration list for PBXProject "RepoBrowser" */ = {
			isa = XCConfigurationList;
			buildConfigurations = (
				E35E653B24C0CFAE0009F975 /* Debug */,
				E35E653C24C0CFAE0009F975 /* Release */,
			);
			defaultConfigurationIsVisible = 0;
			defaultConfigurationName = Release;
		};
		E35E653D24C0CFAE0009F975 /* Build configuration list for PBXNativeTarget "RepoBrowser" */ = {
			isa = XCConfigurationList;
			buildConfigurations = (
				E35E653E24C0CFAE0009F975 /* Debug */,
				E35E653F24C0CFAE0009F975 /* Release */,
			);
			defaultConfigurationIsVisible = 0;
			defaultConfigurationName = Release;
		};
/* End XCConfigurationList section */

/* Begin XCVersionGroup section */
		E35E658A24CAD3B40009F975 /* RepoBrowser.xcdatamodeld */ = {
			isa = XCVersionGroup;
			children = (
				E35E658B24CAD3B40009F975 /* RepoBrowser.xcdatamodel */,
			);
			currentVersion = E35E658B24CAD3B40009F975 /* RepoBrowser.xcdatamodel */;
			path = RepoBrowser.xcdatamodeld;
			sourceTree = "<group>";
			versionGroupType = wrapper.xcdatamodel;
		};
/* End XCVersionGroup section */
	};
	rootObject = E35E652124C0CFA50009F975 /* Project object */;
}
